
Microsoft Visual Studio Solution File, Format Version 12.00
# Visual Studio Version 17
VisualStudioVersion = 17.1.32210.238
MinimumVisualStudioVersion = 10.0.40219.1
Project("{FAE04EC0-301F-11D3-BF4B-00C04F79EFBC}") = "loginn", "loginn.csproj", "{22CDFDDE-AD68-4205-975B-4A0437F80AC2}"
EndProject
Global
	GlobalSection(SolutionConfigurationPlatforms) = preSolution
		Debug|Any CPU = Debug|Any CPU
		Release|Any CPU = Release|Any CPU
	EndGlobalSection
	GlobalSection(ProjectConfigurationPlatforms) = postSolution
		{22CDFDDE-AD68-4205-975B-4A0437F80AC2}.Debug|Any CPU.ActiveCfg = Debug|Any CPU
		{22CDFDDE-AD68-4205-975B-4A0437F80AC2}.Debug|Any CPU.Build.0 = Debug|Any CPU
		{22CDFDDE-AD68-4205-975B-4A0437F80AC2}.Release|Any CPU.ActiveCfg = Release|Any CPU
		{22CDFDDE-AD68-4205-975B-4A0437F80AC2}.Release|Any CPU.Build.0 = Release|Any CPU
	EndGlobalSection
	GlobalSection(SolutionProperties) = preSolution
		HideSolutionNode = FALSE
	EndGlobalSection
	GlobalSection(ExtensibilityGlobals) = postSolution
		SolutionGuid = {37B12E8D-872D-4078-8250-57635F32DABF}
	EndGlobalSection
EndGlobal
